
Microsoft Visual Studio Solution File, Format Version 12.00
# Visual Studio Version 16
VisualStudioVersion = 16.0.31112.23
MinimumVisualStudioVersion = 10.0.40219.1
Project("{FAE04EC0-301F-11D3-BF4B-00C04F79EFBC}") = "CaptureReader", "CaptureReader\CaptureReader.csproj", "{5D034045-95E4-45C7-BD4D-CFD7C0213BEC}"
EndProject
Global
	GlobalSection(SolutionConfigurationPlatforms) = preSolution
		Debug|Any CPU = Debug|Any CPU
		Release|Any CPU = Release|Any CPU
	EndGlobalSection
	GlobalSection(ProjectConfigurationPlatforms) = postSolution
		{5D034045-95E4-45C7-BD4D-CFD7C0213BEC}.Debug|Any CPU.ActiveCfg = Debug|Any CPU
		{5D034045-95E4-45C7-BD4D-CFD7C0213BEC}.Debug|Any CPU.Build.0 = Debug|Any CPU
		{5D034045-95E4-45C7-BD4D-CFD7C0213BEC}.Release|Any CPU.ActiveCfg = Release|Any CPU
		{5D034045-95E4-45C7-BD4D-CFD7C0213BEC}.Release|Any CPU.Build.0 = Release|Any CPU
	EndGlobalSection
	GlobalSection(SolutionProperties) = preSolution
		HideSolutionNode = FALSE
	EndGlobalSection
	GlobalSection(ExtensibilityGlobals) = postSolution
		SolutionGuid = {AE398560-49B0-4604-B1BB-FCA4867C8067}
	EndGlobalSection
EndGlobal
